// !$*UTF8*$!
{
	archiveVersion = 1;
	classes = {
	};
	objectVersion = 50;
	objects = {

/* Begin PBXBuildFile section */
		03FA4AF1209353270047D61B /* AppDelegate.swift in Sources */ = {isa = PBXBuildFile; fileRef = 03FA4AF0209353270047D61B /* AppDelegate.swift */; };
		03FA4AF3209353270047D61B /* ViewController.swift in Sources */ = {isa = PBXBuildFile; fileRef = 03FA4AF2209353270047D61B /* ViewController.swift */; };
		03FA4AF6209353270047D61B /* Main.storyboard in Resources */ = {isa = PBXBuildFile; fileRef = 03FA4AF4209353270047D61B /* Main.storyboard */; };
		03FA4AF9209353270047D61B /* Leilao.xcdatamodeld in Sources */ = {isa = PBXBuildFile; fileRef = 03FA4AF7209353270047D61B /* Leilao.xcdatamodeld */; };
		03FA4AFB209353290047D61B /* Assets.xcassets in Resources */ = {isa = PBXBuildFile; fileRef = 03FA4AFA209353290047D61B /* Assets.xcassets */; };
		03FA4AFE209353290047D61B /* LaunchScreen.storyboard in Resources */ = {isa = PBXBuildFile; fileRef = 03FA4AFC209353290047D61B /* LaunchScreen.storyboard */; };
		03FA4B09209353290047D61B /* LeilaoTests.swift in Sources */ = {isa = PBXBuildFile; fileRef = 03FA4B08209353290047D61B /* LeilaoTests.swift */; };
		03FA4B14209353290047D61B /* LeilaoUITests.swift in Sources */ = {isa = PBXBuildFile; fileRef = 03FA4B13209353290047D61B /* LeilaoUITests.swift */; };
		03FA4B25209353AF0047D61B /* Lance.swift in Sources */ = {isa = PBXBuildFile; fileRef = 03FA4B24209353AF0047D61B /* Lance.swift */; };
		03FA4B27209353CB0047D61B /* Usuario.swift in Sources */ = {isa = PBXBuildFile; fileRef = 03FA4B26209353CB0047D61B /* Usuario.swift */; };
		03FA4B29209354F50047D61B /* Leilao.swift in Sources */ = {isa = PBXBuildFile; fileRef = 03FA4B28209354F50047D61B /* Leilao.swift */; };
		A23F5A0F209CA483000E6525 /* Avaliador.swift in Sources */ = {isa = PBXBuildFile; fileRef = A23F5A0E209CA483000E6525 /* Avaliador.swift */; };
		A23F5A11209CD8FA000E6525 /* AvaliadorTests.swift in Sources */ = {isa = PBXBuildFile; fileRef = A23F5A10209CD8FA000E6525 /* AvaliadorTests.swift */; };
		A26FBA9420A32DE60090FC1F /* CriadorDeLeilao.swift in Sources */ = {isa = PBXBuildFile; fileRef = A26FBA9320A32DE60090FC1F /* CriadorDeLeilao.swift */; };
/* End PBXBuildFile section */

/* Begin PBXContainerItemProxy section */
		03FA4B05209353290047D61B /* PBXContainerItemProxy */ = {
			isa = PBXContainerItemProxy;
			containerPortal = 03FA4AE5209353270047D61B /* Project object */;
			proxyType = 1;
			remoteGlobalIDString = 03FA4AEC209353270047D61B;
			remoteInfo = Leilao;
		};
		03FA4B10209353290047D61B /* PBXContainerItemProxy */ = {
			isa = PBXContainerItemProxy;
			containerPortal = 03FA4AE5209353270047D61B /* Project object */;
			proxyType = 1;
			remoteGlobalIDString = 03FA4AEC209353270047D61B;
			remoteInfo = Leilao;
		};
/* End PBXContainerItemProxy section */

/* Begin PBXFileReference section */
		03FA4AED209353270047D61B /* Leilao.app */ = {isa = PBXFileReference; explicitFileType = wrapper.application; includeInIndex = 0; path = Leilao.app; sourceTree = BUILT_PRODUCTS_DIR; };
		03FA4AF0209353270047D61B /* AppDelegate.swift */ = {isa = PBXFileReference; lastKnownFileType = sourcecode.swift; path = AppDelegate.swift; sourceTree = "<group>"; };
		03FA4AF2209353270047D61B /* ViewController.swift */ = {isa = PBXFileReference; lastKnownFileType = sourcecode.swift; path = ViewController.swift; sourceTree = "<group>"; };
		03FA4AF5209353270047D61B /* Base */ = {isa = PBXFileReference; lastKnownFileType = file.storyboard; name = Base; path = Base.lproj/Main.storyboard; sourceTree = "<group>"; };
		03FA4AF8209353270047D61B /* Leilao.xcdatamodel */ = {isa = PBXFileReference; lastKnownFileType = wrapper.xcdatamodel; path = Leilao.xcdatamodel; sourceTree = "<group>"; };
		03FA4AFA209353290047D61B /* Assets.xcassets */ = {isa = PBXFileReference; lastKnownFileType = folder.assetcatalog; path = Assets.xcassets; sourceTree = "<group>"; };
		03FA4AFD209353290047D61B /* Base */ = {isa = PBXFileReference; lastKnownFileType = file.storyboard; name = Base; path = Base.lproj/LaunchScreen.storyboard; sourceTree = "<group>"; };
		03FA4AFF209353290047D61B /* Info.plist */ = {isa = PBXFileReference; lastKnownFileType = text.plist.xml; path = Info.plist; sourceTree = "<group>"; };
		03FA4B04209353290047D61B /* LeilaoTests.xctest */ = {isa = PBXFileReference; explicitFileType = wrapper.cfbundle; includeInIndex = 0; path = LeilaoTests.xctest; sourceTree = BUILT_PRODUCTS_DIR; };
		03FA4B08209353290047D61B /* LeilaoTests.swift */ = {isa = PBXFileReference; lastKnownFileType = sourcecode.swift; path = LeilaoTests.swift; sourceTree = "<group>"; };
		03FA4B0A209353290047D61B /* Info.plist */ = {isa = PBXFileReference; lastKnownFileType = text.plist.xml; path = Info.plist; sourceTree = "<group>"; };
		03FA4B0F209353290047D61B /* LeilaoUITests.xctest */ = {isa = PBXFileReference; explicitFileType = wrapper.cfbundle; includeInIndex = 0; path = LeilaoUITests.xctest; sourceTree = BUILT_PRODUCTS_DIR; };
		03FA4B13209353290047D61B /* LeilaoUITests.swift */ = {isa = PBXFileReference; lastKnownFileType = sourcecode.swift; path = LeilaoUITests.swift; sourceTree = "<group>"; };
		03FA4B15209353290047D61B /* Info.plist */ = {isa = PBXFileReference; lastKnownFileType = text.plist.xml; path = Info.plist; sourceTree = "<group>"; };
		03FA4B24209353AF0047D61B /* Lance.swift */ = {isa = PBXFileReference; lastKnownFileType = sourcecode.swift; path = Lance.swift; sourceTree = "<group>"; };
		03FA4B26209353CB0047D61B /* Usuario.swift */ = {isa = PBXFileReference; lastKnownFileType = sourcecode.swift; path = Usuario.swift; sourceTree = "<group>"; };
		03FA4B28209354F50047D61B /* Leilao.swift */ = {isa = PBXFileReference; lastKnownFileType = sourcecode.swift; path = Leilao.swift; sourceTree = "<group>"; };
		A23F5A0E209CA483000E6525 /* Avaliador.swift */ = {isa = PBXFileReference; lastKnownFileType = sourcecode.swift; path = Avaliador.swift; sourceTree = "<group>"; };
		A23F5A10209CD8FA000E6525 /* AvaliadorTests.swift */ = {isa = PBXFileReference; lastKnownFileType = sourcecode.swift; path = AvaliadorTests.swift; sourceTree = "<group>"; };
		A26FBA9320A32DE60090FC1F /* CriadorDeLeilao.swift */ = {isa = PBXFileReference; lastKnownFileType = sourcecode.swift; path = CriadorDeLeilao.swift; sourceTree = "<group>"; };
/* End PBXFileReference section */

/* Begin PBXFrameworksBuildPhase section */
		03FA4AEA209353270047D61B /* Frameworks */ = {
			isa = PBXFrameworksBuildPhase;
			buildActionMask = 2147483647;
			files = (
			);
			runOnlyForDeploymentPostprocessing = 0;
		};
		03FA4B01209353290047D61B /* Frameworks */ = {
			isa = PBXFrameworksBuildPhase;
			buildActionMask = 2147483647;
			files = (
			);
			runOnlyForDeploymentPostprocessing = 0;
		};
		03FA4B0C209353290047D61B /* Frameworks */ = {
			isa = PBXFrameworksBuildPhase;
			buildActionMask = 2147483647;
			files = (
			);
			runOnlyForDeploymentPostprocessing = 0;
		};
/* End PBXFrameworksBuildPhase section */

/* Begin PBXGroup section */
		03FA4AE4209353270047D61B = {
			isa = PBXGroup;
			children = (
				03FA4AEF209353270047D61B /* Leilao */,
				03FA4B07209353290047D61B /* LeilaoTests */,
				03FA4B12209353290047D61B /* LeilaoUITests */,
				03FA4AEE209353270047D61B /* Products */,
			);
			sourceTree = "<group>";
		};
		03FA4AEE209353270047D61B /* Products */ = {
			isa = PBXGroup;
			children = (
				03FA4AED209353270047D61B /* Leilao.app */,
				03FA4B04209353290047D61B /* LeilaoTests.xctest */,
				03FA4B0F209353290047D61B /* LeilaoUITests.xctest */,
			);
			name = Products;
			sourceTree = "<group>";
		};
		03FA4AEF209353270047D61B /* Leilao */ = {
			isa = PBXGroup;
			children = (
				03FA4AF0209353270047D61B /* AppDelegate.swift */,
				03FA4B21209353730047D61B /* Models */,
				A23F5A0D209CA1B9000E6525 /* Views */,
				03FA4B23209353940047D61B /* Controllers */,
				03FA4AF4209353270047D61B /* Main.storyboard */,
				03FA4AFA209353290047D61B /* Assets.xcassets */,
				03FA4AFC209353290047D61B /* LaunchScreen.storyboard */,
				03FA4AFF209353290047D61B /* Info.plist */,
				03FA4AF7209353270047D61B /* Leilao.xcdatamodeld */,
			);
			path = Leilao;
			sourceTree = "<group>";
		};
		03FA4B07209353290047D61B /* LeilaoTests */ = {
			isa = PBXGroup;
			children = (
				03FA4B08209353290047D61B /* LeilaoTests.swift */,
				A23F5A10209CD8FA000E6525 /* AvaliadorTests.swift */,
				03FA4B0A209353290047D61B /* Info.plist */,
			);
			path = LeilaoTests;
			sourceTree = "<group>";
		};
		03FA4B12209353290047D61B /* LeilaoUITests */ = {
			isa = PBXGroup;
			children = (
				03FA4B13209353290047D61B /* LeilaoUITests.swift */,
				03FA4B15209353290047D61B /* Info.plist */,
			);
			path = LeilaoUITests;
			sourceTree = "<group>";
		};
		03FA4B21209353730047D61B /* Models */ = {
			isa = PBXGroup;
			children = (
				03FA4B24209353AF0047D61B /* Lance.swift */,
				03FA4B26209353CB0047D61B /* Usuario.swift */,
				03FA4B28209354F50047D61B /* Leilao.swift */,
				A23F5A0E209CA483000E6525 /* Avaliador.swift */,
				A26FBA9320A32DE60090FC1F /* CriadorDeLeilao.swift */,
			);
			path = Models;
			sourceTree = "<group>";
		};
		03FA4B23209353940047D61B /* Controllers */ = {
			isa = PBXGroup;
			children = (
				03FA4AF2209353270047D61B /* ViewController.swift */,
			);
			path = Controllers;
			sourceTree = "<group>";
		};
		A23F5A0D209CA1B9000E6525 /* Views */ = {
			isa = PBXGroup;
			children = (
			);
			path = Views;
			sourceTree = "<group>";
		};
/* End PBXGroup section */

/* Begin PBXNativeTarget section */
		03FA4AEC209353270047D61B /* Leilao */ = {
			isa = PBXNativeTarget;
			buildConfigurationList = 03FA4B18209353290047D61B /* Build configuration list for PBXNativeTarget "Leilao" */;
			buildPhases = (
				03FA4AE9209353270047D61B /* Sources */,
				03FA4AEA209353270047D61B /* Frameworks */,
				03FA4AEB209353270047D61B /* Resources */,
			);
			buildRules = (
			);
			dependencies = (
			);
			name = Leilao;
			productName = Leilao;
			productReference = 03FA4AED209353270047D61B /* Leilao.app */;
			productType = "com.apple.product-type.application";
		};
		03FA4B03209353290047D61B /* LeilaoTests */ = {
			isa = PBXNativeTarget;
			buildConfigurationList = 03FA4B1B209353290047D61B /* Build configuration list for PBXNativeTarget "LeilaoTests" */;
			buildPhases = (
				03FA4B00209353290047D61B /* Sources */,
				03FA4B01209353290047D61B /* Frameworks */,
				03FA4B02209353290047D61B /* Resources */,
			);
			buildRules = (
			);
			dependencies = (
				03FA4B06209353290047D61B /* PBXTargetDependency */,
			);
			name = LeilaoTests;
			productName = LeilaoTests;
			productReference = 03FA4B04209353290047D61B /* LeilaoTests.xctest */;
			productType = "com.apple.product-type.bundle.unit-test";
		};
		03FA4B0E209353290047D61B /* LeilaoUITests */ = {
			isa = PBXNativeTarget;
			buildConfigurationList = 03FA4B1E209353290047D61B /* Build configuration list for PBXNativeTarget "LeilaoUITests" */;
			buildPhases = (
				03FA4B0B209353290047D61B /* Sources */,
				03FA4B0C209353290047D61B /* Frameworks */,
				03FA4B0D209353290047D61B /* Resources */,
			);
			buildRules = (
			);
			dependencies = (
				03FA4B11209353290047D61B /* PBXTargetDependency */,
			);
			name = LeilaoUITests;
			productName = LeilaoUITests;
			productReference = 03FA4B0F209353290047D61B /* LeilaoUITests.xctest */;
			productType = "com.apple.product-type.bundle.ui-testing";
		};
/* End PBXNativeTarget section */

/* Begin PBXProject section */
		03FA4AE5209353270047D61B /* Project object */ = {
			isa = PBXProject;
			attributes = {
				LastSwiftUpdateCheck = 0930;
				LastUpgradeCheck = 0930;
				ORGANIZATIONNAME = Alura;
				TargetAttributes = {
					03FA4AEC209353270047D61B = {
						CreatedOnToolsVersion = 9.3;
					};
					03FA4B03209353290047D61B = {
						CreatedOnToolsVersion = 9.3;
						TestTargetID = 03FA4AEC209353270047D61B;
					};
					03FA4B0E209353290047D61B = {
						CreatedOnToolsVersion = 9.3;
						TestTargetID = 03FA4AEC209353270047D61B;
					};
				};
			};
			buildConfigurationList = 03FA4AE8209353270047D61B /* Build configuration list for PBXProject "Leilao" */;
			compatibilityVersion = "Xcode 9.3";
			developmentRegion = en;
			hasScannedForEncodings = 0;
			knownRegions = (
				en,
				Base,
			);
			mainGroup = 03FA4AE4209353270047D61B;
			productRefGroup = 03FA4AEE209353270047D61B /* Products */;
			projectDirPath = "";
			projectRoot = "";
			targets = (
				03FA4AEC209353270047D61B /* Leilao */,
				03FA4B03209353290047D61B /* LeilaoTests */,
				03FA4B0E209353290047D61B /* LeilaoUITests */,
			);
		};
/* End PBXProject section */

/* Begin PBXResourcesBuildPhase section */
		03FA4AEB209353270047D61B /* Resources */ = {
			isa = PBXResourcesBuildPhase;
			buildActionMask = 2147483647;
			files = (
				03FA4AFE209353290047D61B /* LaunchScreen.storyboard in Resources */,
				03FA4AFB209353290047D61B /* Assets.xcassets in Resources */,
				03FA4AF6209353270047D61B /* Main.storyboard in Resources */,
			);
			runOnlyForDeploymentPostprocessing = 0;
		};
		03FA4B02209353290047D61B /* Resources */ = {
			isa = PBXResourcesBuildPhase;
			buildActionMask = 2147483647;
			files = (
			);
			runOnlyForDeploymentPostprocessing = 0;
		};
		03FA4B0D209353290047D61B /* Resources */ = {
			isa = PBXResourcesBuildPhase;
			buildActionMask = 2147483647;
			files = (
			);
			runOnlyForDeploymentPostprocessing = 0;
		};
/* End PBXResourcesBuildPhase section */

/* Begin PBXSourcesBuildPhase section */
		03FA4AE9209353270047D61B /* Sources */ = {
			isa = PBXSourcesBuildPhase;
			buildActionMask = 2147483647;
			files = (
				03FA4AF3209353270047D61B /* ViewController.swift in Sources */,
				03FA4B25209353AF0047D61B /* Lance.swift in Sources */,
				03FA4AF1209353270047D61B /* AppDelegate.swift in Sources */,
				A26FBA9420A32DE60090FC1F /* CriadorDeLeilao.swift in Sources */,
				03FA4B27209353CB0047D61B /* Usuario.swift in Sources */,
				03FA4AF9209353270047D61B /* Leilao.xcdatamodeld in Sources */,
				A23F5A0F209CA483000E6525 /* Avaliador.swift in Sources */,
				03FA4B29209354F50047D61B /* Leilao.swift in Sources */,
			);
			runOnlyForDeploymentPostprocessing = 0;
		};
		03FA4B00209353290047D61B /* Sources */ = {
			isa = PBXSourcesBuildPhase;
			buildActionMask = 2147483647;
			files = (
				03FA4B09209353290047D61B /* LeilaoTests.swift in Sources */,
				A23F5A11209CD8FA000E6525 /* AvaliadorTests.swift in Sources */,
			);
			runOnlyForDeploymentPostprocessing = 0;
		};
		03FA4B0B209353290047D61B /* Sources */ = {
			isa = PBXSourcesBuildPhase;
			buildActionMask = 2147483647;
			files = (
				03FA4B14209353290047D61B /* LeilaoUITests.swift in Sources */,
			);
			runOnlyForDeploymentPostprocessing = 0;
		};
/* End PBXSourcesBuildPhase section */

/* Begin PBXTargetDependency section */
		03FA4B06209353290047D61B /* PBXTargetDependency */ = {
			isa = PBXTargetDependency;
			target = 03FA4AEC209353270047D61B /* Leilao */;
			targetProxy = 03FA4B05209353290047D61B /* PBXContainerItemProxy */;
		};
		03FA4B11209353290047D61B /* PBXTargetDependency */ = {
			isa = PBXTargetDependency;
			target = 03FA4AEC209353270047D61B /* Leilao */;
			targetProxy = 03FA4B10209353290047D61B /* PBXContainerItemProxy */;
		};
/* End PBXTargetDependency section */

/* Begin PBXVariantGroup section */
		03FA4AF4209353270047D61B /* Main.storyboard */ = {
			isa = PBXVariantGroup;
			children = (
				03FA4AF5209353270047D61B /* Base */,
			);
			name = Main.storyboard;
			sourceTree = "<group>";
		};
		03FA4AFC209353290047D61B /* LaunchScreen.storyboard */ = {
			isa = PBXVariantGroup;
			children = (
				03FA4AFD209353290047D61B /* Base */,
			);
			name = LaunchScreen.storyboard;
			sourceTree = "<group>";
		};
/* End PBXVariantGroup section */

/* Begin XCBuildConfiguration section */
		03FA4B16209353290047D61B /* Debug */ = {
			isa = XCBuildConfiguration;
			buildSettings = {
				ALWAYS_SEARCH_USER_PATHS = NO;
				CLANG_ANALYZER_NONNULL = YES;
				CLANG_ANALYZER_NUMBER_OBJECT_CONVERSION = YES_AGGRESSIVE;
				CLANG_CXX_LANGUAGE_STANDARD = "gnu++14";
				CLANG_CXX_LIBRARY = "libc++";
				CLANG_ENABLE_MODULES = YES;
				CLANG_ENABLE_OBJC_ARC = YES;
				CLANG_ENABLE_OBJC_WEAK = YES;
				CLANG_WARN_BLOCK_CAPTURE_AUTORELEASING = YES;
				CLANG_WARN_BOOL_CONVERSION = YES;
				CLANG_WARN_COMMA = YES;
				CLANG_WARN_CONSTANT_CONVERSION = YES;
				CLANG_WARN_DEPRECATED_OBJC_IMPLEMENTATIONS = YES;
				CLANG_WARN_DIRECT_OBJC_ISA_USAGE = YES_ERROR;
				CLANG_WARN_DOCUMENTATION_COMMENTS = YES;
				CLANG_WARN_EMPTY_BODY = YES;
				CLANG_WARN_ENUM_CONVERSION = YES;
				CLANG_WARN_INFINITE_RECURSION = YES;
				CLANG_WARN_INT_CONVERSION = YES;
				CLANG_WARN_NON_LITERAL_NULL_CONVERSION = YES;
				CLANG_WARN_OBJC_IMPLICIT_RETAIN_SELF = YES;
				CLANG_WARN_OBJC_LITERAL_CONVERSION = YES;
				CLANG_WARN_OBJC_ROOT_CLASS = YES_ERROR;
				CLANG_WARN_RANGE_LOOP_ANALYSIS = YES;
				CLANG_WARN_STRICT_PROTOTYPES = YES;
				CLANG_WARN_SUSPICIOUS_MOVE = YES;
				CLANG_WARN_UNGUARDED_AVAILABILITY = YES_AGGRESSIVE;
				CLANG_WARN_UNREACHABLE_CODE = YES;
				CLANG_WARN__DUPLICATE_METHOD_MATCH = YES;
				CODE_SIGN_IDENTITY = "iPhone Developer";
				COPY_PHASE_STRIP = NO;
				DEBUG_INFORMATION_FORMAT = dwarf;
				ENABLE_STRICT_OBJC_MSGSEND = YES;
				ENABLE_TESTABILITY = YES;
				GCC_C_LANGUAGE_STANDARD = gnu11;
				GCC_DYNAMIC_NO_PIC = NO;
				GCC_NO_COMMON_BLOCKS = YES;
				GCC_OPTIMIZATION_LEVEL = 0;
				GCC_PREPROCESSOR_DEFINITIONS = (
					"DEBUG=1",
					"$(inherited)",
				);
				GCC_WARN_64_TO_32_BIT_CONVERSION = YES;
				GCC_WARN_ABOUT_RETURN_TYPE = YES_ERROR;
				GCC_WARN_UNDECLARED_SELECTOR = YES;
				GCC_WARN_UNINITIALIZED_AUTOS = YES_AGGRESSIVE;
				GCC_WARN_UNUSED_FUNCTION = YES;
				GCC_WARN_UNUSED_VARIABLE = YES;
				IPHONEOS_DEPLOYMENT_TARGET = 11.3;
				MTL_ENABLE_DEBUG_INFO = YES;
				ONLY_ACTIVE_ARCH = YES;
				SDKROOT = iphoneos;
				SWIFT_ACTIVE_COMPILATION_CONDITIONS = DEBUG;
				SWIFT_OPTIMIZATION_LEVEL = "-Onone";
			};
			name = Debug;
		};
		03FA4B17209353290047D61B /* Release */ = {
			isa = XCBuildConfiguration;
			buildSettings = {
				ALWAYS_SEARCH_USER_PATHS = NO;
				CLANG_ANALYZER_NONNULL = YES;
				CLANG_ANALYZER_NUMBER_OBJECT_CONVERSION = YES_AGGRESSIVE;
				CLANG_CXX_LANGUAGE_STANDARD = "gnu++14";
				CLANG_CXX_LIBRARY = "libc++";
				CLANG_ENABLE_MODULES = YES;
				CLANG_ENABLE_OBJC_ARC = YES;
				CLANG_ENABLE_OBJC_WEAK = YES;
				CLANG_WARN_BLOCK_CAPTURE_AUTORELEASING = YES;
				CLANG_WARN_BOOL_CONVERSION = YES;
				CLANG_WARN_COMMA = YES;
				CLANG_WARN_CONSTANT_CONVERSION = YES;
				CLANG_WARN_DEPRECATED_OBJC_IMPLEMENTATIONS = YES;
				CLANG_WARN_DIRECT_OBJC_ISA_USAGE = YES_ERROR;
				CLANG_WARN_DOCUMENTATION_COMMENTS = YES;
				CLANG_WARN_EMPTY_BODY = YES;
				CLANG_WARN_ENUM_CONVERSION = YES;
				CLANG_WARN_INFINITE_RECURSION = YES;
				CLANG_WARN_INT_CONVERSION = YES;
				CLANG_WARN_NON_LITERAL_NULL_CONVERSION = YES;
				CLANG_WARN_OBJC_IMPLICIT_RETAIN_SELF = YES;
				CLANG_WARN_OBJC_LITERAL_CONVERSION = YES;
				CLANG_WARN_OBJC_ROOT_CLASS = YES_ERROR;
				CLANG_WARN_RANGE_LOOP_ANALYSIS = YES;
				CLANG_WARN_STRICT_PROTOTYPES = YES;
				CLANG_WARN_SUSPICIOUS_MOVE = YES;
				CLANG_WARN_UNGUARDED_AVAILABILITY = YES_AGGRESSIVE;
				CLANG_WARN_UNREACHABLE_CODE = YES;
				CLANG_WARN__DUPLICATE_METHOD_MATCH = YES;
				CODE_SIGN_IDENTITY = "iPhone Developer";
				COPY_PHASE_STRIP = NO;
				DEBUG_INFORMATION_FORMAT = "dwarf-with-dsym";
				ENABLE_NS_ASSERTIONS = NO;
				ENABLE_STRICT_OBJC_MSGSEND = YES;
				GCC_C_LANGUAGE_STANDARD = gnu11;
				GCC_NO_COMMON_BLOCKS = YES;
				GCC_WARN_64_TO_32_BIT_CONVERSION = YES;
				GCC_WARN_ABOUT_RETURN_TYPE = YES_ERROR;
				GCC_WARN_UNDECLARED_SELECTOR = YES;
				GCC_WARN_UNINITIALIZED_AUTOS = YES_AGGRESSIVE;
				GCC_WARN_UNUSED_FUNCTION = YES;
				GCC_WARN_UNUSED_VARIABLE = YES;
				IPHONEOS_DEPLOYMENT_TARGET = 11.3;
				MTL_ENABLE_DEBUG_INFO = NO;
				SDKROOT = iphoneos;
				SWIFT_COMPILATION_MODE = wholemodule;
				SWIFT_OPTIMIZATION_LEVEL = "-O";
				VALIDATE_PRODUCT = YES;
			};
			name = Release;
		};
		03FA4B19209353290047D61B /* Debug */ = {
			isa = XCBuildConfiguration;
			buildSettings = {
				ASSETCATALOG_COMPILER_APPICON_NAME = AppIcon;
				CODE_SIGN_STYLE = Automatic;
				DEVELOPMENT_TEAM = LF4G5DZZMF;
				INFOPLIST_FILE = Leilao/Info.plist;
				LD_RUNPATH_SEARCH_PATHS = (
					"$(inherited)",
					"@executable_path/Frameworks",
				);
				PRODUCT_BUNDLE_IDENTIFIER = apps.Leilao;
				PRODUCT_NAME = "$(TARGET_NAME)";
				SWIFT_VERSION = 4.0;
				TARGETED_DEVICE_FAMILY = "1,2";
			};
			name = Debug;
		};
		03FA4B1A209353290047D61B /* Release */ = {
			isa = XCBuildConfiguration;
			buildSettings = {
				ASSETCATALOG_COMPILER_APPICON_NAME = AppIcon;
				CODE_SIGN_STYLE = Automatic;
				DEVELOPMENT_TEAM = LF4G5DZZMF;
				INFOPLIST_FILE = Leilao/Info.plist;
				LD_RUNPATH_SEARCH_PATHS = (
					"$(inherited)",
					"@executable_path/Frameworks",
				);
				PRODUCT_BUNDLE_IDENTIFIER = apps.Leilao;
				PRODUCT_NAME = "$(TARGET_NAME)";
				SWIFT_VERSION = 4.0;
				TARGETED_DEVICE_FAMILY = "1,2";
			};
			name = Release;
		};
		03FA4B1C209353290047D61B /* Debug */ = {
			isa = XCBuildConfiguration;
			buildSettings = {
				ALWAYS_EMBED_SWIFT_STANDARD_LIBRARIES = YES;
				BUNDLE_LOADER = "$(TEST_HOST)";
				CODE_SIGN_STYLE = Automatic;
				DEVELOPMENT_TEAM = LF4G5DZZMF;
				INFOPLIST_FILE = LeilaoTests/Info.plist;
				LD_RUNPATH_SEARCH_PATHS = (
					"$(inherited)",
					"@executable_path/Frameworks",
					"@loader_path/Frameworks",
				);
				PRODUCT_BUNDLE_IDENTIFIER = apps.LeilaoTests;
				PRODUCT_NAME = "$(TARGET_NAME)";
				SWIFT_VERSION = 4.0;
				TARGETED_DEVICE_FAMILY = "1,2";
				TEST_HOST = "$(BUILT_PRODUCTS_DIR)/Leilao.app/Leilao";
			};
			name = Debug;
		};
		03FA4B1D209353290047D61B /* Release */ = {
			isa = XCBuildConfiguration;
			buildSettings = {
				ALWAYS_EMBED_SWIFT_STANDARD_LIBRARIES = YES;
				BUNDLE_LOADER = "$(TEST_HOST)";
				CODE_SIGN_STYLE = Automatic;
				DEVELOPMENT_TEAM = LF4G5DZZMF;
				INFOPLIST_FILE = LeilaoTests/Info.plist;
				LD_RUNPATH_SEARCH_PATHS = (
					"$(inherited)",
					"@executable_path/Frameworks",
					"@loader_path/Frameworks",
				);
				PRODUCT_BUNDLE_IDENTIFIER = apps.LeilaoTests;
				PRODUCT_NAME = "$(TARGET_NAME)";
				SWIFT_VERSION = 4.0;
				TARGETED_DEVICE_FAMILY = "1,2";
				TEST_HOST = "$(BUILT_PRODUCTS_DIR)/Leilao.app/Leilao";
			};
			name = Release;
		};
		03FA4B1F209353290047D61B /* Debug */ = {
			isa = XCBuildConfiguration;
			buildSettings = {
				ALWAYS_EMBED_SWIFT_STANDARD_LIBRARIES = YES;
				CODE_SIGN_STYLE = Automatic;
				DEVELOPMENT_TEAM = LF4G5DZZMF;
				INFOPLIST_FILE = LeilaoUITests/Info.plist;
				LD_RUNPATH_SEARCH_PATHS = (
					"$(inherited)",
					"@executable_path/Frameworks",
					"@loader_path/Frameworks",
				);
				PRODUCT_BUNDLE_IDENTIFIER = apps.LeilaoUITests;
				PRODUCT_NAME = "$(TARGET_NAME)";
				SWIFT_VERSION = 4.0;
				TARGETED_DEVICE_FAMILY = "1,2";
				TEST_TARGET_NAME = Leilao;
			};
			name = Debug;
		};
		03FA4B20209353290047D61B /* Release */ = {
			isa = XCBuildConfiguration;
			buildSettings = {
				ALWAYS_EMBED_SWIFT_STANDARD_LIBRARIES = YES;
				CODE_SIGN_STYLE = Automatic;
				DEVELOPMENT_TEAM = LF4G5DZZMF;
				INFOPLIST_FILE = LeilaoUITests/Info.plist;
				LD_RUNPATH_SEARCH_PATHS = (
					"$(inherited)",
					"@executable_path/Frameworks",
					"@loader_path/Frameworks",
				);
				PRODUCT_BUNDLE_IDENTIFIER = apps.LeilaoUITests;
				PRODUCT_NAME = "$(TARGET_NAME)";
				SWIFT_VERSION = 4.0;
				TARGETED_DEVICE_FAMILY = "1,2";
				TEST_TARGET_NAME = Leilao;
			};
			name = Release;
		};
/* End XCBuildConfiguration section */

/* Begin XCConfigurationList section */
		03FA4AE8209353270047D61B /* Build configuration list for PBXProject "Leilao" */ = {
			isa = XCConfigurationList;
			buildConfigurations = (
				03FA4B16209353290047D61B /* Debug */,
				03FA4B17209353290047D61B /* Release */,
			);
			defaultConfigurationIsVisible = 0;
			defaultConfigurationName = Release;
		};
		03FA4B18209353290047D61B /* Build configuration list for PBXNativeTarget "Leilao" */ = {
			isa = XCConfigurationList;
			buildConfigurations = (
				03FA4B19209353290047D61B /* Debug */,
				03FA4B1A209353290047D61B /* Release */,
			);
			defaultConfigurationIsVisible = 0;
			defaultConfigurationName = Release;
		};
		03FA4B1B209353290047D61B /* Build configuration list for PBXNativeTarget "LeilaoTests" */ = {
			isa = XCConfigurationList;
			buildConfigurations = (
				03FA4B1C209353290047D61B /* Debug */,
				03FA4B1D209353290047D61B /* Release */,
			);
			defaultConfigurationIsVisible = 0;
			defaultConfigurationName = Release;
		};
		03FA4B1E209353290047D61B /* Build configuration list for PBXNativeTarget "LeilaoUITests" */ = {
			isa = XCConfigurationList;
			buildConfigurations = (
				03FA4B1F209353290047D61B /* Debug */,
				03FA4B20209353290047D61B /* Release */,
			);
			defaultConfigurationIsVisible = 0;
			defaultConfigurationName = Release;
		};
/* End XCConfigurationList section */

/* Begin XCVersionGroup section */
		03FA4AF7209353270047D61B /* Leilao.xcdatamodeld */ = {
			isa = XCVersionGroup;
			children = (
				03FA4AF8209353270047D61B /* Leilao.xcdatamodel */,
			);
			currentVersion = 03FA4AF8209353270047D61B /* Leilao.xcdatamodel */;
			path = Leilao.xcdatamodeld;
			sourceTree = "<group>";
			versionGroupType = wrapper.xcdatamodel;
		};
/* End XCVersionGroup section */
	};
	rootObject = 03FA4AE5209353270047D61B /* Project object */;
}
